
Microsoft Visual Studio Solution File, Format Version 12.00
# Visual Studio Version 17
VisualStudioVersion = 17.5.33530.505
MinimumVisualStudioVersion = 10.0.40219.1
Project("{54A90642-561A-4BB1-A94E-469ADEE60C69}") = "HomeBrokerChart", "angularapp\HomeBrokerChart.esproj", "{AC4FC259-B3AC-4BD7-829C-6A269712CB62}"
EndProject
Project("{9A19103F-16F7-4668-BE54-9A1E7A4F7556}") = "HomeBrokerApi", "webapi\HomeBrokerApi.csproj", "{9CAFD2C6-D05E-426A-93B8-254EA0F12C2C}"
EndProject
Project("{2150E333-8FDC-42A3-9474-1A3956D46DE8}") = "Solution Items", "Solution Items", "{ABA18FA8-B959-4D71-8A80-014E0BAB1D38}"
	ProjectSection(SolutionItems) = preProject
		.documents\MGLU3.SA.csv = .documents\MGLU3.SA.csv
		.documents\PBL Corretora ABC (1).pdf = .documents\PBL Corretora ABC (1).pdf
		run.ps1 = run.ps1
	EndProjectSection
EndProject
Project("{9A19103F-16F7-4668-BE54-9A1E7A4F7556}") = "Domain", "Domain\Domain.csproj", "{4DF47FB2-8007-4719-B4EE-E14165C600DA}"
EndProject
Project("{9A19103F-16F7-4668-BE54-9A1E7A4F7556}") = "Repository", "Repository\Repository.csproj", "{105A43E5-1997-47E1-9433-C4D0E8EBA374}"
EndProject
Global
	GlobalSection(SolutionConfigurationPlatforms) = preSolution
		Debug|Any CPU = Debug|Any CPU
		Release|Any CPU = Release|Any CPU
	EndGlobalSection
	GlobalSection(ProjectConfigurationPlatforms) = postSolution
		{AC4FC259-B3AC-4BD7-829C-6A269712CB62}.Debug|Any CPU.ActiveCfg = Debug|Any CPU
		{AC4FC259-B3AC-4BD7-829C-6A269712CB62}.Debug|Any CPU.Build.0 = Debug|Any CPU
		{AC4FC259-B3AC-4BD7-829C-6A269712CB62}.Debug|Any CPU.Deploy.0 = Debug|Any CPU
		{AC4FC259-B3AC-4BD7-829C-6A269712CB62}.Release|Any CPU.ActiveCfg = Release|Any CPU
		{AC4FC259-B3AC-4BD7-829C-6A269712CB62}.Release|Any CPU.Build.0 = Release|Any CPU
		{AC4FC259-B3AC-4BD7-829C-6A269712CB62}.Release|Any CPU.Deploy.0 = Release|Any CPU
		{9CAFD2C6-D05E-426A-93B8-254EA0F12C2C}.Debug|Any CPU.ActiveCfg = Debug|Any CPU
		{9CAFD2C6-D05E-426A-93B8-254EA0F12C2C}.Debug|Any CPU.Build.0 = Debug|Any CPU
		{9CAFD2C6-D05E-426A-93B8-254EA0F12C2C}.Release|Any CPU.ActiveCfg = Release|Any CPU
		{9CAFD2C6-D05E-426A-93B8-254EA0F12C2C}.Release|Any CPU.Build.0 = Release|Any CPU
		{4DF47FB2-8007-4719-B4EE-E14165C600DA}.Debug|Any CPU.ActiveCfg = Debug|Any CPU
		{4DF47FB2-8007-4719-B4EE-E14165C600DA}.Debug|Any CPU.Build.0 = Debug|Any CPU
		{4DF47FB2-8007-4719-B4EE-E14165C600DA}.Release|Any CPU.ActiveCfg = Release|Any CPU
		{4DF47FB2-8007-4719-B4EE-E14165C600DA}.Release|Any CPU.Build.0 = Release|Any CPU
		{105A43E5-1997-47E1-9433-C4D0E8EBA374}.Debug|Any CPU.ActiveCfg = Debug|Any CPU
		{105A43E5-1997-47E1-9433-C4D0E8EBA374}.Debug|Any CPU.Build.0 = Debug|Any CPU
		{105A43E5-1997-47E1-9433-C4D0E8EBA374}.Release|Any CPU.ActiveCfg = Release|Any CPU
		{105A43E5-1997-47E1-9433-C4D0E8EBA374}.Release|Any CPU.Build.0 = Release|Any CPU
	EndGlobalSection
	GlobalSection(SolutionProperties) = preSolution
		HideSolutionNode = FALSE
	EndGlobalSection
	GlobalSection(ExtensibilityGlobals) = postSolution
		SolutionGuid = {D477BB6D-8B98-4219-8501-FE5BED2F0DC9}
	EndGlobalSection
EndGlobal
